
Microsoft Visual Studio Solution File, Format Version 12.00
# Visual Studio Version 17
VisualStudioVersion = 17.3.32922.545
MinimumVisualStudioVersion = 10.0.40219.1
Project("{9A19103F-16F7-4668-BE54-9A1E7A4F7556}") = "BackendApi", "BackendApi.csproj", "{08E19CEF-1299-4440-BBC4-4E7AFE26EA29}"
EndProject
Project("{9A19103F-16F7-4668-BE54-9A1E7A4F7556}") = "DataAccess", "..\DataAccess\DataAccess.csproj", "{018E2F8A-2AAF-4C4F-BF58-87E536CD4F3E}"
EndProject
Project("{9A19103F-16F7-4668-BE54-9A1E7A4F7556}") = "BusinessLogic", "..\BusinessLogic\BusinessLogic.csproj", "{AC0136A7-189F-4200-A0D5-EBB8FDE092DA}"
EndProject
Project("{9A19103F-16F7-4668-BE54-9A1E7A4F7556}") = "Domain", "..\Domain\Domain.csproj", "{A81144CD-7A58-45AF-8839-C517368081AF}"
EndProject
Project("{FAE04EC0-301F-11D3-BF4B-00C04F79EFBC}") = "BlazorServer", "..\BlazorServer\BlazorServer.csproj", "{9462FE24-7B04-4649-8C53-B5A774CC8865}"
EndProject
Global
	GlobalSection(SolutionConfigurationPlatforms) = preSolution
		Debug|Any CPU = Debug|Any CPU
		Release|Any CPU = Release|Any CPU
	EndGlobalSection
	GlobalSection(ProjectConfigurationPlatforms) = postSolution
		{08E19CEF-1299-4440-BBC4-4E7AFE26EA29}.Debug|Any CPU.ActiveCfg = Debug|Any CPU
		{08E19CEF-1299-4440-BBC4-4E7AFE26EA29}.Debug|Any CPU.Build.0 = Debug|Any CPU
		{08E19CEF-1299-4440-BBC4-4E7AFE26EA29}.Release|Any CPU.ActiveCfg = Release|Any CPU
		{08E19CEF-1299-4440-BBC4-4E7AFE26EA29}.Release|Any CPU.Build.0 = Release|Any CPU
		{018E2F8A-2AAF-4C4F-BF58-87E536CD4F3E}.Debug|Any CPU.ActiveCfg = Debug|Any CPU
		{018E2F8A-2AAF-4C4F-BF58-87E536CD4F3E}.Debug|Any CPU.Build.0 = Debug|Any CPU
		{018E2F8A-2AAF-4C4F-BF58-87E536CD4F3E}.Release|Any CPU.ActiveCfg = Release|Any CPU
		{018E2F8A-2AAF-4C4F-BF58-87E536CD4F3E}.Release|Any CPU.Build.0 = Release|Any CPU
		{AC0136A7-189F-4200-A0D5-EBB8FDE092DA}.Debug|Any CPU.ActiveCfg = Debug|Any CPU
		{AC0136A7-189F-4200-A0D5-EBB8FDE092DA}.Debug|Any CPU.Build.0 = Debug|Any CPU
		{AC0136A7-189F-4200-A0D5-EBB8FDE092DA}.Release|Any CPU.ActiveCfg = Release|Any CPU
		{AC0136A7-189F-4200-A0D5-EBB8FDE092DA}.Release|Any CPU.Build.0 = Release|Any CPU
		{A81144CD-7A58-45AF-8839-C517368081AF}.Debug|Any CPU.ActiveCfg = Debug|Any CPU
		{A81144CD-7A58-45AF-8839-C517368081AF}.Debug|Any CPU.Build.0 = Debug|Any CPU
		{A81144CD-7A58-45AF-8839-C517368081AF}.Release|Any CPU.ActiveCfg = Release|Any CPU
		{A81144CD-7A58-45AF-8839-C517368081AF}.Release|Any CPU.Build.0 = Release|Any CPU
		{9462FE24-7B04-4649-8C53-B5A774CC8865}.Debug|Any CPU.ActiveCfg = Debug|Any CPU
		{9462FE24-7B04-4649-8C53-B5A774CC8865}.Debug|Any CPU.Build.0 = Debug|Any CPU
		{9462FE24-7B04-4649-8C53-B5A774CC8865}.Release|Any CPU.ActiveCfg = Release|Any CPU
		{9462FE24-7B04-4649-8C53-B5A774CC8865}.Release|Any CPU.Build.0 = Release|Any CPU
	EndGlobalSection
	GlobalSection(SolutionProperties) = preSolution
		HideSolutionNode = FALSE
	EndGlobalSection
	GlobalSection(ExtensibilityGlobals) = postSolution
		SolutionGuid = {668145A3-85AB-4C22-9779-D8B5911762EC}
	EndGlobalSection
EndGlobal
